
Microsoft Visual Studio Solution File, Format Version 12.00
# Visual Studio Version 16
VisualStudioVersion = 16.0.30611.23
MinimumVisualStudioVersion = 10.0.40219.1
Project("{FAE04EC0-301F-11D3-BF4B-00C04F79EFBC}") = "SnakeAndLadder", "SnakeAndLadder\SnakeAndLadder.csproj", "{2693EE8D-97B5-47E5-9EC7-44E96176E1E3}"
EndProject
Global
	GlobalSection(SolutionConfigurationPlatforms) = preSolution
		Debug|Any CPU = Debug|Any CPU
		Release|Any CPU = Release|Any CPU
	EndGlobalSection
	GlobalSection(ProjectConfigurationPlatforms) = postSolution
		{2693EE8D-97B5-47E5-9EC7-44E96176E1E3}.Debug|Any CPU.ActiveCfg = Debug|Any CPU
		{2693EE8D-97B5-47E5-9EC7-44E96176E1E3}.Debug|Any CPU.Build.0 = Debug|Any CPU
		{2693EE8D-97B5-47E5-9EC7-44E96176E1E3}.Release|Any CPU.ActiveCfg = Release|Any CPU
		{2693EE8D-97B5-47E5-9EC7-44E96176E1E3}.Release|Any CPU.Build.0 = Release|Any CPU
	EndGlobalSection
	GlobalSection(SolutionProperties) = preSolution
		HideSolutionNode = FALSE
	EndGlobalSection
	GlobalSection(ExtensibilityGlobals) = postSolution
		SolutionGuid = {DA7A7DDC-B127-43C4-9FC7-147E356FE9FD}
	EndGlobalSection
EndGlobal
